# Generated by pub
# See https://dart.dev/tools/pub/glossary#lockfile
packages:
  actors:
    dependency: transitive
    description:
      name: actors
      sha256: cd382bde6457d84bc176559b6fce578ebb7b3469604bfa8304802ba219d94384
      url: "https://pub.dev"
    source: hosted
    version: "0.11.0"
  archive:
    dependency: transitive
    description:
      name: archive
      sha256: cb6a278ef2dbb298455e1a713bda08524a175630ec643a242c399c932a0a1f7d
      url: "https://pub.dev"
    source: hosted
    version: "3.6.1"
  args:
    dependency: transitive
    description:
      name: args
      sha256: d0481093c50b1da8910eb0bb301626d4d8eb7284aa739614d2b394ee09e3ea04
      url: "https://pub.dev"
    source: hosted
    version: "2.7.0"
  async:
    dependency: transitive
    description:
      name: async
      sha256: "758e6d74e971c3e5aceb4110bfd6698efc7f501675bcfe0c775459a8140750eb"
      url: "https://pub.dev"
    source: hosted
    version: "2.13.0"
  basic_utils:
    dependency: transitive
    description:
      name: basic_utils
      sha256: "2064b21d3c41ed7654bc82cc476fd65542e04d60059b74d5eed490a4da08fc6c"
      url: "https://pub.dev"
    source: hosted
    version: "5.7.0"
  boolean_selector:
    dependency: transitive
    description:
      name: boolean_selector
      sha256: "8aab1771e1243a5063b8b0ff68042d67334e3feab9e95b9490f9a6ebf73b42ea"
      url: "https://pub.dev"
    source: hosted
    version: "2.1.2"
  bson:
    dependency: transitive
    description:
      name: bson
      sha256: "6e322cdf827db905ca48b018deed1804934840bce8ff6b3c2f5b2f81f99d8344"
      url: "https://pub.dev"
    source: hosted
    version: "5.0.8"
  buffer:
    dependency: transitive
    description:
      name: buffer
      sha256: "389da2ec2c16283c8787e0adaede82b1842102f8c8aae2f49003a766c5c6b3d1"
      url: "https://pub.dev"
    source: hosted
    version: "1.2.3"
  build_html:
    dependency: transitive
    description:
      path: "."
      ref: HEAD
      resolved-ref: "97cd5531c64df82de298f786ab8da11998ec4c65"
      url: "https://github.com/thumbert/build_html.git"
    source: git
    version: "0.1.4"
  characters:
    dependency: transitive
    description:
      name: characters
      sha256: faf38497bda5ead2a8c7615f4f7939df04333478bf32e4173fcb06d428b5716b
      url: "https://pub.dev"
    source: hosted
    version: "1.4.1"
  clock:
    dependency: transitive
    description:
      name: clock
      sha256: fddb70d9b5277016c77a80201021d40a2247104d9f4aa7bab7157b7e3f05b84b
      url: "https://pub.dev"
    source: hosted
    version: "1.1.2"
  collection:
    dependency: "direct main"
    description:
      name: collection
      sha256: "2f5709ae4d3d59dd8f7cd309b4e023046b57d8a6c82130785d2b0e5868084e76"
      url: "https://pub.dev"
    source: hosted
    version: "1.19.1"
  convert:
    dependency: transitive
    description:
      name: convert
      sha256: b30acd5944035672bc15c6b7a8b47d773e41e2f17de064350988c5d02adb1c68
      url: "https://pub.dev"
    source: hosted
    version: "3.1.2"
  crypto:
    dependency: transitive
    description:
      name: crypto
      sha256: c8ea0233063ba03258fbcf2ca4d6dadfefe14f02fab57702265467a19f27fadf
      url: "https://pub.dev"
    source: hosted
    version: "3.0.7"
  csslib:
    dependency: transitive
    description:
      name: csslib
      sha256: "09bad715f418841f976c77db72d5398dc1253c21fb9c0c7f0b0b985860b2d58e"
      url: "https://pub.dev"
    source: hosted
    version: "1.0.2"
  csv:
    dependency: "direct main"
    description:
      name: csv
      sha256: c6aa2679b2a18cb57652920f674488d89712efaf4d3fdf2e537215b35fc19d6c
      url: "https://pub.dev"
    source: hosted
    version: "6.0.0"
  dama:
    dependency: transitive
    description:
      path: "."
      ref: HEAD
      resolved-ref: c0f7b1c8553535f053cc07f962ef81edd4d75986
      url: "https://github.com/thumbert/dama.git"
    source: git
    version: "2.0.2"
  date:
    dependency: "direct main"
    description:
      path: "."
      ref: HEAD
      resolved-ref: ad3abaeb4d9eb81f1fc88afef81342ffa013668b
      url: "https://github.com/thumbert/date.git"
    source: git
    version: "3.1.1"
  decimal:
    dependency: transitive
    description:
      name: decimal
      sha256: fc706a5618b81e5b367b01dd62621def37abc096f2b46a9bd9068b64c1fa36d0
      url: "https://pub.dev"
    source: hosted
    version: "3.2.4"
  dotenv:
    dependency: transitive
    description:
      name: dotenv
      sha256: dc4c91d8d5e9e361803fc81e8ea7ba0f35be483b656837ea6b9a3c41df308c68
      url: "https://pub.dev"
    source: hosted
    version: "3.0.0"
  duckdb_dart:
    dependency: transitive
    description:
      name: duckdb_dart
      sha256: "63c92a9a3bc81616b845b6e6023c3404593cb4562fe267db68819474bca7bb34"
      url: "https://pub.dev"
    source: hosted
    version: "0.5.0"
  elec:
    dependency: "direct main"
    description:
      path: "."
      ref: HEAD
      resolved-ref: fb44e038304178e2f93b354e3107cc4c32e0fb2f
      url: "https://github.com/thumbert/elec.git"
    source: git
    version: "2.2.0"
  elec_server:
    dependency: transitive
    description:
      path: "."
      ref: HEAD
      resolved-ref: "243d15c6939d417f6328bc6154d7501ebce0ec3c"
      url: "https://github.com/thumbert/elec-server.git"
    source: git
    version: "2.0.2"
  fake_async:
    dependency: transitive
    description:
      name: fake_async
      sha256: "5368f224a74523e8d2e7399ea1638b37aecfca824a3cc4dfdf77bf1fa905ac44"
      url: "https://pub.dev"
    source: hosted
    version: "1.3.3"
  ffi:
    dependency: transitive
    description:
      name: ffi
      sha256: "6d7fd89431262d8f3125e81b50d3847a091d846eafcd4fdb88dd06f36d705a45"
      url: "https://pub.dev"
    source: hosted
    version: "2.2.0"
  fixnum:
    dependency: transitive
    description:
      name: fixnum
      sha256: b6dc7065e46c974bc7c5f143080a6764ec7a4be6da1285ececdc37be96de53be
      url: "https://pub.dev"
    source: hosted
    version: "1.1.1"
  flutter:
    dependency: "direct main"
    description: flutter
    source: sdk
    version: "0.0.0"
  flutter_lints:
    dependency: "direct dev"
    description:
      name: flutter_lints
      sha256: "3105dc8492f6183fb076ccf1f351ac3d60564bff92e20bfc4af9cc1651f4e7e1"
      url: "https://pub.dev"
    source: hosted
    version: "6.0.0"
  flutter_test:
    dependency: "direct dev"
    description: flutter
    source: sdk
    version: "0.0.0"
  flutter_web_plugins:
    dependency: transitive
    description: flutter
    source: sdk
    version: "0.0.0"
  graphic:
    dependency: "direct main"
    description:
      name: graphic
      sha256: f0028af737f7fdd5fd50c043af85242d72638ae040a820470208bc885a229d04
      url: "https://pub.dev"
    source: hosted
    version: "2.7.0"
  html:
    dependency: transitive
    description:
      name: html
      sha256: "6d1264f2dffa1b1101c25a91dff0dc2daee4c18e87cd8538729773c073dbf602"
      url: "https://pub.dev"
    source: hosted
    version: "0.15.6"
  http:
    dependency: "direct main"
    description:
      name: http
      sha256: "87721a4a50b19c7f1d49001e51409bddc46303966ce89a65af4f4e6004896412"
      url: "https://pub.dev"
    source: hosted
    version: "1.6.0"
  http_methods:
    dependency: transitive
    description:
      name: http_methods
      sha256: "6bccce8f1ec7b5d701e7921dca35e202d425b57e317ba1a37f2638590e29e566"
      url: "https://pub.dev"
    source: hosted
    version: "1.1.1"
  http_parser:
    dependency: transitive
    description:
      name: http_parser
      sha256: "178d74305e7866013777bab2c3d8726205dc5a4dd935297175b19a23a2e66571"
      url: "https://pub.dev"
    source: hosted
    version: "4.1.2"
  intl:
    dependency: transitive
    description:
      name: intl
      sha256: d6f56758b7d3014a48af9701c085700aac781a92a87a62b1333b46d8879661cf
      url: "https://pub.dev"
    source: hosted
    version: "0.19.0"
  js:
    dependency: transitive
    description:
      name: js
      sha256: "53385261521cc4a0c4658fd0ad07a7d14591cf8fc33abbceae306ddb974888dc"
      url: "https://pub.dev"
    source: hosted
    version: "0.7.2"
  json_annotation:
    dependency: transitive
    description:
      name: json_annotation
      sha256: cb09e7dac6210041fad964ed7fbee004f14258b4eca4040f72d1234062ace4c8
      url: "https://pub.dev"
    source: hosted
    version: "4.11.0"
  leak_tracker:
    dependency: transitive
    description:
      name: leak_tracker
      sha256: "33e2e26bdd85a0112ec15400c8cbffea70d0f9c3407491f672a2fad47915e2de"
      url: "https://pub.dev"
    source: hosted
    version: "11.0.2"
  leak_tracker_flutter_testing:
    dependency: transitive
    description:
      name: leak_tracker_flutter_testing
      sha256: "1dbc140bb5a23c75ea9c4811222756104fbcd1a27173f0c34ca01e16bea473c1"
      url: "https://pub.dev"
    source: hosted
    version: "3.0.10"
  leak_tracker_testing:
    dependency: transitive
    description:
      name: leak_tracker_testing
      sha256: "8d5a2d49f4a66b49744b23b018848400d23e54caf9463f4eb20df3eb8acb2eb1"
      url: "https://pub.dev"
    source: hosted
    version: "3.0.2"
  lints:
    dependency: transitive
    description:
      name: lints
      sha256: "12f842a479589fea194fe5c5a3095abc7be0c1f2ddfa9a0e76aed1dbd26a87df"
      url: "https://pub.dev"
    source: hosted
    version: "6.1.0"
  logging:
    dependency: transitive
    description:
      name: logging
      sha256: c8245ada5f1717ed44271ed1c26b8ce85ca3228fd2ffdb75468ab01979309d61
      url: "https://pub.dev"
    source: hosted
    version: "1.3.0"
  matcher:
    dependency: transitive
    description:
      name: matcher
      sha256: "12956d0ad8390bbcc63ca2e1469c0619946ccb52809807067a7020d57e647aa6"
      url: "https://pub.dev"
    source: hosted
    version: "0.12.18"
  material_color_utilities:
    dependency: transitive
    description:
      name: material_color_utilities
      sha256: "9c337007e82b1889149c82ed242ed1cb24a66044e30979c44912381e9be4c48b"
      url: "https://pub.dev"
    source: hosted
    version: "0.13.0"
  meta:
    dependency: transitive
    description:
      name: meta
      sha256: "23f08335362185a5ea2ad3a4e597f1375e78bce8a040df5c600c8d3552ef2394"
      url: "https://pub.dev"
    source: hosted
    version: "1.17.0"
  mongo_dart:
    dependency: transitive
    description:
      name: mongo_dart
      sha256: b74caa4d135a89642fafbe5247213d8b261ff9ee4ae3c613a993b41bf6a8fdbc
      url: "https://pub.dev"
    source: hosted
    version: "0.10.8"
  mongo_dart_query:
    dependency: transitive
    description:
      name: mongo_dart_query
      sha256: "8810bfc216a74f7a25e296ab7b052e318e83c49c487fd31ac7a1e336dc42cc04"
      url: "https://pub.dev"
    source: hosted
    version: "5.0.3"
  more:
    dependency: transitive
    description:
      name: more
      sha256: e252628d2183cc09539b686abfbd9d8302675959b89a2a8146f5f4baca6ac5ba
      url: "https://pub.dev"
    source: hosted
    version: "4.7.0"
  packages_extensions:
    dependency: transitive
    description:
      name: packages_extensions
      sha256: a2e207f3345fc5cbea60155842e71be1c3059b427a61ed1c5d7c41f5d03264e7
      url: "https://pub.dev"
    source: hosted
    version: "0.1.2"
  path:
    dependency: transitive
    description:
      name: path
      sha256: "75cca69d1490965be98c73ceaea117e8a04dd21217b37b292c9ddbec0d955bc5"
      url: "https://pub.dev"
    source: hosted
    version: "1.9.1"
  path_drawing:
    dependency: transitive
    description:
      name: path_drawing
      sha256: bbb1934c0cbb03091af082a6389ca2080345291ef07a5fa6d6e078ba8682f977
      url: "https://pub.dev"
    source: hosted
    version: "1.0.1"
  path_parsing:
    dependency: transitive
    description:
      name: path_parsing
      sha256: "883402936929eac138ee0a45da5b0f2c80f89913e6dc3bf77eb65b84b409c6ca"
      url: "https://pub.dev"
    source: hosted
    version: "1.1.0"
  petitparser:
    dependency: transitive
    description:
      name: petitparser
      sha256: "07c8f0b1913bcde1ff0d26e57ace2f3012ccbf2b204e070290dad3bb22797646"
      url: "https://pub.dev"
    source: hosted
    version: "6.1.0"
  plugin_platform_interface:
    dependency: transitive
    description:
      name: plugin_platform_interface
      sha256: "4820fbfdb9478b1ebae27888254d445073732dae3d6ea81f0b7e06d5dedc3f02"
      url: "https://pub.dev"
    source: hosted
    version: "2.1.8"
  pointer_interceptor:
    dependency: transitive
    description:
      name: pointer_interceptor
      sha256: "57210410680379aea8b1b7ed6ae0c3ad349bfd56fe845b8ea934a53344b9d523"
      url: "https://pub.dev"
    source: hosted
    version: "0.10.1+2"
  pointer_interceptor_ios:
    dependency: transitive
    description:
      name: pointer_interceptor_ios
      sha256: "03c5fa5896080963ab4917eeffda8d28c90f22863a496fb5ba13bc10943e40e4"
      url: "https://pub.dev"
    source: hosted
    version: "0.10.1+1"
  pointer_interceptor_platform_interface:
    dependency: transitive
    description:
      name: pointer_interceptor_platform_interface
      sha256: "0597b0560e14354baeb23f8375cd612e8bd4841bf8306ecb71fcd0bb78552506"
      url: "https://pub.dev"
    source: hosted
    version: "0.10.0+1"
  pointer_interceptor_web:
    dependency: transitive
    description:
      name: pointer_interceptor_web
      sha256: "460b600e71de6fcea2b3d5f662c92293c049c4319e27f0829310e5a953b3ee2a"
      url: "https://pub.dev"
    source: hosted
    version: "0.10.3"
  pointycastle:
    dependency: transitive
    description:
      name: pointycastle
      sha256: "4be0097fcf3fd3e8449e53730c631200ebc7b88016acecab2b0da2f0149222fe"
      url: "https://pub.dev"
    source: hosted
    version: "3.9.1"
  pool:
    dependency: transitive
    description:
      name: pool
      sha256: "978783255c543aa3586a1b3c21f6e9d720eb315376a915872c61ef8b5c20177d"
      url: "https://pub.dev"
    source: hosted
    version: "1.5.2"
  power_extensions:
    dependency: transitive
    description:
      name: power_extensions
      sha256: ad4e27d040f80bb7e566d96399b6419343d946d7c37912e1bce56c9f2b32e525
      url: "https://pub.dev"
    source: hosted
    version: "0.2.4"
  preact_signals:
    dependency: transitive
    description:
      name: preact_signals
      sha256: ad45313c86b2228536a16d3dfc86da8263705d4acb4136c42907378de6910d8c
      url: "https://pub.dev"
    source: hosted
    version: "1.9.4"
  puppeteer:
    dependency: transitive
    description:
      name: puppeteer
      sha256: "7a990c68d33882b642214c351f66492d9a738afa4226a098ab70642357337fa2"
      url: "https://pub.dev"
    source: hosted
    version: "3.16.0"
  quiver:
    dependency: transitive
    description:
      name: quiver
      sha256: ea0b925899e64ecdfbf9c7becb60d5b50e706ade44a85b2363be2a22d88117d2
      url: "https://pub.dev"
    source: hosted
    version: "3.2.2"
  quiver_core:
    dependency: "direct main"
    description:
      path: ".."
      relative: true
    source: path
    version: "0.2.0"
  rational:
    dependency: transitive
    description:
      name: rational
      sha256: cb808fb6f1a839e6fc5f7d8cb3b0a10e1db48b3be102de73938c627f0b636336
      url: "https://pub.dev"
    source: hosted
    version: "2.2.3"
  reduct:
    dependency: transitive
    description:
      path: "."
      ref: HEAD
      resolved-ref: "8e925127712dd8463d5f7febe8991e5b44d2e058"
      url: "https://github.com/thumbert/reduct.git"
    source: git
    version: "0.3.1"
  sasl_scram:
    dependency: transitive
    description:
      name: sasl_scram
      sha256: "5c27fd6058d53075c032539ba3cc7fa95006bb1d51a0db63a81b05756c265a83"
      url: "https://pub.dev"
    source: hosted
    version: "0.1.2"
  saslprep:
    dependency: transitive
    description:
      name: saslprep
      sha256: "3d421d10be9513bf4459c17c5e70e7b8bc718c9fc5ad4ba5eb4f5fd27396f740"
      url: "https://pub.dev"
    source: hosted
    version: "1.0.3"
  shelf:
    dependency: transitive
    description:
      name: shelf
      sha256: e7dd780a7ffb623c57850b33f43309312fc863fb6aa3d276a754bb299839ef12
      url: "https://pub.dev"
    source: hosted
    version: "1.4.2"
  shelf_router:
    dependency: transitive
    description:
      name: shelf_router
      sha256: f5e5d492440a7fb165fe1e2e1a623f31f734d3370900070b2b1e0d0428d59864
      url: "https://pub.dev"
    source: hosted
    version: "1.1.4"
  signals_core:
    dependency: transitive
    description:
      name: signals_core
      sha256: ea427bd53619e69e6f6cf244177e3b72870e433065c807600fb496fd80611c9f
      url: "https://pub.dev"
    source: hosted
    version: "6.2.1"
  signals_flutter:
    dependency: "direct main"
    description:
      name: signals_flutter
      sha256: "7c83418f47e3538685217e583f0fbd17a29716fa1a9ce2247e2455786e8ea81a"
      url: "https://pub.dev"
    source: hosted
    version: "6.3.0"
  sky_engine:
    dependency: transitive
    description: flutter
    source: sdk
    version: "0.0.0"
  source_span:
    dependency: transitive
    description:
      name: source_span
      sha256: "56a02f1f4cd1a2d96303c0144c93bd6d909eea6bee6bf5a0e0b685edbd4c47ab"
      url: "https://pub.dev"
    source: hosted
    version: "1.10.2"
  spreadsheet_decoder:
    dependency: transitive
    description:
      name: spreadsheet_decoder
      sha256: "1370af9802bf14c7bdd9f24609294bbba0dbe715413922ce8e927d6d37aeefc6"
      url: "https://pub.dev"
    source: hosted
    version: "2.3.0"
  stack_trace:
    dependency: transitive
    description:
      name: stack_trace
      sha256: "8b27215b45d22309b5cddda1aa2b19bdfec9df0e765f2de506401c071d38d1b1"
      url: "https://pub.dev"
    source: hosted
    version: "1.12.1"
  statemachine:
    dependency: transitive
    description:
      name: statemachine
      sha256: "9d0088c5ab2c6baa08abe66e33086f5918f2b758a2e39955124ba03767e9fa61"
      url: "https://pub.dev"
    source: hosted
    version: "3.4.0"
  stream_channel:
    dependency: transitive
    description:
      name: stream_channel
      sha256: "969e04c80b8bcdf826f8f16579c7b14d780458bd97f56d107d3950fdbeef059d"
      url: "https://pub.dev"
    source: hosted
    version: "2.1.4"
  string_scanner:
    dependency: transitive
    description:
      name: string_scanner
      sha256: "921cd31725b72fe181906c6a94d987c78e3b98c2e205b397ea399d4054872b43"
      url: "https://pub.dev"
    source: hosted
    version: "1.4.1"
  table:
    dependency: transitive
    description:
      path: "."
      ref: HEAD
      resolved-ref: "751c3abf86e33bbeee4ddd5db61bde8178a9f899"
      url: "https://github.com/thumbert/table.git"
    source: git
    version: "2.2.0"
  term_glyph:
    dependency: transitive
    description:
      name: term_glyph
      sha256: "7f554798625ea768a7518313e58f83891c7f5024f88e46e7182a4558850a4b8e"
      url: "https://pub.dev"
    source: hosted
    version: "1.2.2"
  test_api:
    dependency: transitive
    description:
      name: test_api
      sha256: "93167629bfc610f71560ab9312acdda4959de4df6fac7492c89ff0d3886f6636"
      url: "https://pub.dev"
    source: hosted
    version: "0.7.9"
  timeseries:
    dependency: transitive
    description:
      path: "."
      ref: HEAD
      resolved-ref: "8264421b297cdb29613f13afb9cce78613f1a032"
      url: "https://github.com/thumbert/timeseries.git"
    source: git
    version: "3.0.5"
  timezone:
    dependency: "direct main"
    description:
      name: timezone
      sha256: "784a5e34d2eb62e1326f24d6f600aaaee452eb8ca8ef2f384a59244e292d158b"
      url: "https://pub.dev"
    source: hosted
    version: "0.11.0"
  tuple:
    dependency: transitive
    description:
      name: tuple
      sha256: a97ce2013f240b2f3807bcbaf218765b6f301c3eff91092bcfa23a039e7dd151
      url: "https://pub.dev"
    source: hosted
    version: "2.0.2"
  typed_data:
    dependency: transitive
    description:
      name: typed_data
      sha256: f9049c039ebfeb4cf7a7104a675823cd72dba8297f264b6637062516699fa006
      url: "https://pub.dev"
    source: hosted
    version: "1.4.0"
  unorm_dart:
    dependency: transitive
    description:
      name: unorm_dart
      sha256: "0c69186b03ca6addab0774bcc0f4f17b88d4ce78d9d4d8f0619e30a99ead58e7"
      url: "https://pub.dev"
    source: hosted
    version: "0.3.2"
  uuid:
    dependency: transitive
    description:
      name: uuid
      sha256: "1fef9e8e11e2991bb773070d4656b7bd5d850967a2456cfc83cf47925ba79489"
      url: "https://pub.dev"
    source: hosted
    version: "4.5.3"
  vector_math:
    dependency: transitive
    description:
      name: vector_math
      sha256: d530bd74fea330e6e364cda7a85019c434070188383e1cd8d9777ee586914c5b
      url: "https://pub.dev"
    source: hosted
    version: "2.2.0"
  vm_service:
    dependency: transitive
    description:
      name: vm_service
      sha256: "45caa6c5917fa127b5dbcfbd1fa60b14e583afdc08bfc96dda38886ca252eb60"
      url: "https://pub.dev"
    source: hosted
    version: "15.0.2"
  vy_string_utils:
    dependency: transitive
    description:
      name: vy_string_utils
      sha256: e70b180e900f4e252086d6045a919203451bfbc3862b83af86a7f272d190447d
      url: "https://pub.dev"
    source: hosted
    version: "0.4.7"
  web:
    dependency: transitive
    description:
      name: web
      sha256: "868d88a33d8a87b18ffc05f9f030ba328ffefba92d6c127917a2ba740f9cfe4a"
      url: "https://pub.dev"
    source: hosted
    version: "1.1.1"
  xml:
    dependency: transitive
    description:
      name: xml
      sha256: b015a8ad1c488f66851d762d3090a21c600e479dc75e68328c52774040cf9226
      url: "https://pub.dev"
    source: hosted
    version: "6.5.0"
sdks:
  dart: ">=3.10.0 <4.0.0"
  flutter: ">=3.35.0"
